Microsoft Visual Studio Solution File, Format Version 12.00
# Visual Studio Version 17
VisualStudioVersion = 17.5.2.0
MinimumVisualStudioVersion = 10.0.40219.1
Project("{2150E333-8FDC-42A3-9474-1A3956D46DE8}") = "Cuatri 2", "Cuatri 2", "{14DA36DF-A945-2EB3-1634-CD085F52938A}"
EndProject
Project("{2150E333-8FDC-42A3-9474-1A3956D46DE8}") = "Ejs .NET", "Ejs .NET", "{3E973E19-B923-0729-56E6-4EFB99AA7945}"
EndProject
Project("{FAE04EC0-301F-11D3-BF4B-00C04F79EFBC}") = "Clase 1", "Cuatri 2\Ejs .NET\Clase 1\Clase 1.csproj", "{9070C8D9-0936-D1BE-A0FB-EBCD8597A485}"
EndProject
Global
	GlobalSection(SolutionConfigurationPlatforms) = preSolution
		Debug|Any CPU = Debug|Any CPU
		Release|Any CPU = Release|Any CPU
	EndGlobalSection
	GlobalSection(ProjectConfigurationPlatforms) = postSolution
		{9070C8D9-0936-D1BE-A0FB-EBCD8597A485}.Debug|Any CPU.ActiveCfg = Debug|Any CPU
		{9070C8D9-0936-D1BE-A0FB-EBCD8597A485}.Debug|Any CPU.Build.0 = Debug|Any CPU
		{9070C8D9-0936-D1BE-A0FB-EBCD8597A485}.Release|Any CPU.ActiveCfg = Release|Any CPU
		{9070C8D9-0936-D1BE-A0FB-EBCD8597A485}.Release|Any CPU.Build.0 = Release|Any CPU
	EndGlobalSection
	GlobalSection(SolutionProperties) = preSolution
		HideSolutionNode = FALSE
	EndGlobalSection
	GlobalSection(NestedProjects) = preSolution
		{3E973E19-B923-0729-56E6-4EFB99AA7945} = {14DA36DF-A945-2EB3-1634-CD085F52938A}
		{9070C8D9-0936-D1BE-A0FB-EBCD8597A485} = {3E973E19-B923-0729-56E6-4EFB99AA7945}
	EndGlobalSection
	GlobalSection(ExtensibilityGlobals) = postSolution
		SolutionGuid = {D513A84C-AAD6-4572-8BCD-88AFF85E626E}
	EndGlobalSection
EndGlobal
